---
path: ".gems"
gems:
- name: addressable
  version: '2.8'
  source:
    type: git
    name: ruby/gem_rbs_collection
    revision: 4b0d2f72e63b6c3e92dc54e19ce23dd24524f9a7
    remote: https://github.com/ruby/gem_rbs_collection.git
    repo_dir: gems
- name: bigdecimal
  version: '0'
  source:
    type: stdlib
- name: cgi
  version: '0'
  source:
    type: stdlib
- name: colorize
  version: '1.1'
  source:
    type: git
    name: apexatoll/gem_signatures
    revision: 6ac529a465af67e1c92129046f309e5d2eda9d4e
    remote: https://github.com/apexatoll/gem_signatures
    repo_dir: sig
- name: erb
  version: '0'
  source:
    type: stdlib
- name: forwardable
  version: '0'
  source:
    type: stdlib
- name: http
  version: '5.1'
  source:
    type: git
    name: ruby/gem_rbs_collection
    revision: 4b0d2f72e63b6c3e92dc54e19ce23dd24524f9a7
    remote: https://github.com/ruby/gem_rbs_collection.git
    repo_dir: gems
- name: kangaru
  version: '0.2'
  source:
    type: git
    name: apexatoll/gem_signatures
    revision: 6ac529a465af67e1c92129046f309e5d2eda9d4e
    remote: https://github.com/apexatoll/gem_signatures
    repo_dir: sig
- name: nokogiri
  version: '1.11'
  source:
    type: git
    name: ruby/gem_rbs_collection
    revision: 4b0d2f72e63b6c3e92dc54e19ce23dd24524f9a7
    remote: https://github.com/ruby/gem_rbs_collection.git
    repo_dir: gems
- name: pathname
  version: '0'
  source:
    type: stdlib
- name: sequel
  version: '5.72'
  source:
    type: git
    name: apexatoll/gem_signatures
    revision: 6ac529a465af67e1c92129046f309e5d2eda9d4e
    remote: https://github.com/apexatoll/gem_signatures
    repo_dir: sig
- name: tempfile
  version: '0'
  source:
    type: stdlib
- name: zeitwerk
  version: '2.6'
  source:
    type: git
    name: apexatoll/gem_signatures
    revision: 6ac529a465af67e1c92129046f309e5d2eda9d4e
    remote: https://github.com/apexatoll/gem_signatures
    repo_dir: sig
gemfile_lock_path: Gemfile.lock
