---
path: ".gems"
gems:
- name: activesupport
  version: '7.0'
  source:
    type: git
    name: ruby/gem_rbs_collection
    revision: ec140aff951e3af39846eed4525ba5d040d294fa
    remote: https://github.com/ruby/gem_rbs_collection.git
    repo_dir: gems
- name: addressable
  version: '2.8'
  source:
    type: git
    name: ruby/gem_rbs_collection
    revision: ec140aff951e3af39846eed4525ba5d040d294fa
    remote: https://github.com/ruby/gem_rbs_collection.git
    repo_dir: gems
- name: base64
  version: '0'
  source:
    type: stdlib
- name: bigdecimal
  version: '0'
  source:
    type: stdlib
- name: cgi
  version: '0'
  source:
    type: stdlib
- name: colorize
  version: '1.1'
  source:
    type: git
    name: apexatoll/gem_signatures
    revision: aad38d45071ab6a1389c58052d06604f0ef71591
    remote: https://github.com/apexatoll/gem_signatures
    repo_dir: sig
- name: concurrent-ruby
  version: '1.1'
  source:
    type: git
    name: ruby/gem_rbs_collection
    revision: ec140aff951e3af39846eed4525ba5d040d294fa
    remote: https://github.com/ruby/gem_rbs_collection.git
    repo_dir: gems
- name: connection_pool
  version: '2.4'
  source:
    type: git
    name: ruby/gem_rbs_collection
    revision: ec140aff951e3af39846eed4525ba5d040d294fa
    remote: https://github.com/ruby/gem_rbs_collection.git
    repo_dir: gems
- name: date
  version: '0'
  source:
    type: stdlib
- name: erb
  version: '0'
  source:
    type: stdlib
- name: fileutils
  version: '0'
  source:
    type: stdlib
- name: forwardable
  version: '0'
  source:
    type: stdlib
- name: http
  version: '5.1'
  source:
    type: git
    name: ruby/gem_rbs_collection
    revision: ec140aff951e3af39846eed4525ba5d040d294fa
    remote: https://github.com/ruby/gem_rbs_collection.git
    repo_dir: gems
- name: i18n
  version: '1.10'
  source:
    type: git
    name: ruby/gem_rbs_collection
    revision: ec140aff951e3af39846eed4525ba5d040d294fa
    remote: https://github.com/ruby/gem_rbs_collection.git
    repo_dir: gems
- name: kangaru
  version: '0.2'
  source:
    type: git
    name: apexatoll/gem_signatures
    revision: aad38d45071ab6a1389c58052d06604f0ef71591
    remote: https://github.com/apexatoll/gem_signatures
    repo_dir: sig
- name: logger
  version: '0'
  source:
    type: stdlib
- name: minitest
  version: '0'
  source:
    type: stdlib
- name: monitor
  version: '0'
  source:
    type: stdlib
- name: mutex_m
  version: '0'
  source:
    type: stdlib
- name: nokogiri
  version: '1.11'
  source:
    type: git
    name: ruby/gem_rbs_collection
    revision: ec140aff951e3af39846eed4525ba5d040d294fa
    remote: https://github.com/ruby/gem_rbs_collection.git
    repo_dir: gems
- name: pathname
  version: '0'
  source:
    type: stdlib
- name: securerandom
  version: '0'
  source:
    type: stdlib
- name: sequel
  version: '5.72'
  source:
    type: git
    name: apexatoll/gem_signatures
    revision: aad38d45071ab6a1389c58052d06604f0ef71591
    remote: https://github.com/apexatoll/gem_signatures
    repo_dir: sig
- name: singleton
  version: '0'
  source:
    type: stdlib
- name: tempfile
  version: '0'
  source:
    type: stdlib
- name: terminal-table
  version: '3.0'
  source:
    type: git
    name: apexatoll/gem_signatures
    revision: aad38d45071ab6a1389c58052d06604f0ef71591
    remote: https://github.com/apexatoll/gem_signatures
    repo_dir: sig
- name: time
  version: '0'
  source:
    type: stdlib
- name: timeout
  version: '0'
  source:
    type: stdlib
- name: zeitwerk
  version: '2.6'
  source:
    type: git
    name: apexatoll/gem_signatures
    revision: aad38d45071ab6a1389c58052d06604f0ef71591
    remote: https://github.com/apexatoll/gem_signatures
    repo_dir: sig
gemfile_lock_path: Gemfile.lock
